
Microsoft Visual Studio Solution File, Format Version 12.00
# Visual Studio Version 17
VisualStudioVersion = 17.0.31903.59
MinimumVisualStudioVersion = 10.0.40219.1
Project("{FAE04EC0-301F-11D3-BF4B-00C04F79EFBC}") = "SubmarineApp", "SubmarineApp\SubmarineApp.csproj", "{44F21B1E-D8C5-4AFA-AE5F-2660A1F923B5}"
EndProject
Project("{FAE04EC0-301F-11D3-BF4B-00C04F79EFBC}") = "SubmarineApp.Test", "SubmarineApp.Test\SubmarineApp.Test.csproj", "{88489FDA-36AE-41FB-B962-7377FB5C3D60}"
EndProject
Global
	GlobalSection(SolutionConfigurationPlatforms) = preSolution
		Debug|Any CPU = Debug|Any CPU
		Release|Any CPU = Release|Any CPU
	EndGlobalSection
	GlobalSection(SolutionProperties) = preSolution
		HideSolutionNode = FALSE
	EndGlobalSection
	GlobalSection(ProjectConfigurationPlatforms) = postSolution
		{44F21B1E-D8C5-4AFA-AE5F-2660A1F923B5}.Debug|Any CPU.ActiveCfg = Debug|Any CPU
		{44F21B1E-D8C5-4AFA-AE5F-2660A1F923B5}.Debug|Any CPU.Build.0 = Debug|Any CPU
		{44F21B1E-D8C5-4AFA-AE5F-2660A1F923B5}.Release|Any CPU.ActiveCfg = Release|Any CPU
		{44F21B1E-D8C5-4AFA-AE5F-2660A1F923B5}.Release|Any CPU.Build.0 = Release|Any CPU
		{88489FDA-36AE-41FB-B962-7377FB5C3D60}.Debug|Any CPU.ActiveCfg = Debug|Any CPU
		{88489FDA-36AE-41FB-B962-7377FB5C3D60}.Debug|Any CPU.Build.0 = Debug|Any CPU
		{88489FDA-36AE-41FB-B962-7377FB5C3D60}.Release|Any CPU.ActiveCfg = Release|Any CPU
		{88489FDA-36AE-41FB-B962-7377FB5C3D60}.Release|Any CPU.Build.0 = Release|Any CPU
	EndGlobalSection
EndGlobal
